
Microsoft Visual Studio Solution File, Format Version 12.00
# Visual Studio 15
Project("{FAE04EC0-301F-11D3-BF4B-00C04F79EFBC}") = "Assembly-CSharp", "Assembly-CSharp.csproj", "{D310A683-2D61-890D-768A-9E0DD9B292B6}"
EndProject
Project("{FAE04EC0-301F-11D3-BF4B-00C04F79EFBC}") = "Assembly-CSharp-Editor", "Assembly-CSharp-Editor.csproj", "{B00A02B4-332C-D413-BB15-7A59B267A40D}"
EndProject
Global
	GlobalSection(SolutionConfigurationPlatforms) = preSolution
		Debug|Any CPU = Debug|Any CPU
		Release|Any CPU = Release|Any CPU
	EndGlobalSection
	GlobalSection(ProjectConfigurationPlatforms) = postSolution
		{D310A683-2D61-890D-768A-9E0DD9B292B6}.Debug|Any CPU.ActiveCfg = Debug|Any CPU
		{D310A683-2D61-890D-768A-9E0DD9B292B6}.Debug|Any CPU.Build.0 = Debug|Any CPU
		{D310A683-2D61-890D-768A-9E0DD9B292B6}.Release|Any CPU.ActiveCfg = Release|Any CPU
		{D310A683-2D61-890D-768A-9E0DD9B292B6}.Release|Any CPU.Build.0 = Release|Any CPU
		{B00A02B4-332C-D413-BB15-7A59B267A40D}.Debug|Any CPU.ActiveCfg = Debug|Any CPU
		{B00A02B4-332C-D413-BB15-7A59B267A40D}.Debug|Any CPU.Build.0 = Debug|Any CPU
		{B00A02B4-332C-D413-BB15-7A59B267A40D}.Release|Any CPU.ActiveCfg = Release|Any CPU
		{B00A02B4-332C-D413-BB15-7A59B267A40D}.Release|Any CPU.Build.0 = Release|Any CPU
	EndGlobalSection
	GlobalSection(SolutionProperties) = preSolution
		HideSolutionNode = FALSE
	EndGlobalSection
EndGlobal
